
Microsoft Visual Studio Solution File, Format Version 12.00
Project("{FAE04EC0-301F-11D3-BF4B-00C04F79EFBC}") = "MatajuApi", "MatajuApi\MatajuApi.csproj", "{020D8DF6-1A46-4BE3-8985-9D5CA23D4DEE}"
EndProject
Global
	GlobalSection(SolutionConfigurationPlatforms) = preSolution
		Debug|Any CPU = Debug|Any CPU
		Release|Any CPU = Release|Any CPU
	EndGlobalSection
	GlobalSection(ProjectConfigurationPlatforms) = postSolution
		{020D8DF6-1A46-4BE3-8985-9D5CA23D4DEE}.Debug|Any CPU.ActiveCfg = Debug|Any CPU
		{020D8DF6-1A46-4BE3-8985-9D5CA23D4DEE}.Debug|Any CPU.Build.0 = Debug|Any CPU
		{020D8DF6-1A46-4BE3-8985-9D5CA23D4DEE}.Release|Any CPU.ActiveCfg = Release|Any CPU
		{020D8DF6-1A46-4BE3-8985-9D5CA23D4DEE}.Release|Any CPU.Build.0 = Release|Any CPU
	EndGlobalSection
EndGlobal
